
Microsoft Visual Studio Solution File, Format Version 11.00
# Visual Studio 2010
Project("{FAE04EC0-301F-11D3-BF4B-00C04F79EFBC}") = "BF-OKS", "BF-OKS\BF-OKS.csproj", "{D4E9E347-8B5D-4C43-BA86-0F61754FF19D}"
EndProject
Project("{FAE04EC0-301F-11D3-BF4B-00C04F79EFBC}") = "Database", "Database\Database.csproj", "{5BB8621D-35A6-4900-9C8B-15DD10B3E91B}"
EndProject
Project("{FAE04EC0-301F-11D3-BF4B-00C04F79EFBC}") = "Model", "Model\Model.csproj", "{818F9096-DFF1-4894-9BB6-1DBDF0328BED}"
EndProject
Global
	GlobalSection(SubversionScc) = preSolution
		Svn-Managed = True
		Manager = AnkhSVN - Subversion Support for Visual Studio
	EndGlobalSection
	GlobalSection(SolutionConfigurationPlatforms) = preSolution
		Debug|Any CPU = Debug|Any CPU
		Debug|Mixed Platforms = Debug|Mixed Platforms
		Debug|x86 = Debug|x86
		Release|Any CPU = Release|Any CPU
		Release|Mixed Platforms = Release|Mixed Platforms
		Release|x86 = Release|x86
	EndGlobalSection
	GlobalSection(ProjectConfigurationPlatforms) = postSolution
		{D4E9E347-8B5D-4C43-BA86-0F61754FF19D}.Debug|Any CPU.ActiveCfg = Debug|x86
		{D4E9E347-8B5D-4C43-BA86-0F61754FF19D}.Debug|Mixed Platforms.ActiveCfg = Debug|x86
		{D4E9E347-8B5D-4C43-BA86-0F61754FF19D}.Debug|Mixed Platforms.Build.0 = Debug|x86
		{D4E9E347-8B5D-4C43-BA86-0F61754FF19D}.Debug|x86.ActiveCfg = Debug|x86
		{D4E9E347-8B5D-4C43-BA86-0F61754FF19D}.Debug|x86.Build.0 = Debug|x86
		{D4E9E347-8B5D-4C43-BA86-0F61754FF19D}.Release|Any CPU.ActiveCfg = Release|x86
		{D4E9E347-8B5D-4C43-BA86-0F61754FF19D}.Release|Mixed Platforms.ActiveCfg = Release|x86
		{D4E9E347-8B5D-4C43-BA86-0F61754FF19D}.Release|Mixed Platforms.Build.0 = Release|x86
		{D4E9E347-8B5D-4C43-BA86-0F61754FF19D}.Release|x86.ActiveCfg = Release|x86
		{D4E9E347-8B5D-4C43-BA86-0F61754FF19D}.Release|x86.Build.0 = Release|x86
		{5BB8621D-35A6-4900-9C8B-15DD10B3E91B}.Debug|Any CPU.ActiveCfg = Debug|Any CPU
		{5BB8621D-35A6-4900-9C8B-15DD10B3E91B}.Debug|Any CPU.Build.0 = Debug|Any CPU
		{5BB8621D-35A6-4900-9C8B-15DD10B3E91B}.Debug|Mixed Platforms.ActiveCfg = Debug|Any CPU
		{5BB8621D-35A6-4900-9C8B-15DD10B3E91B}.Debug|Mixed Platforms.Build.0 = Debug|Any CPU
		{5BB8621D-35A6-4900-9C8B-15DD10B3E91B}.Debug|x86.ActiveCfg = Debug|Any CPU
		{5BB8621D-35A6-4900-9C8B-15DD10B3E91B}.Release|Any CPU.ActiveCfg = Release|Any CPU
		{5BB8621D-35A6-4900-9C8B-15DD10B3E91B}.Release|Any CPU.Build.0 = Release|Any CPU
		{5BB8621D-35A6-4900-9C8B-15DD10B3E91B}.Release|Mixed Platforms.ActiveCfg = Release|Any CPU
		{5BB8621D-35A6-4900-9C8B-15DD10B3E91B}.Release|Mixed Platforms.Build.0 = Release|Any CPU
		{5BB8621D-35A6-4900-9C8B-15DD10B3E91B}.Release|x86.ActiveCfg = Release|Any CPU
		{818F9096-DFF1-4894-9BB6-1DBDF0328BED}.Debug|Any CPU.ActiveCfg = Debug|Any CPU
		{818F9096-DFF1-4894-9BB6-1DBDF0328BED}.Debug|Any CPU.Build.0 = Debug|Any CPU
		{818F9096-DFF1-4894-9BB6-1DBDF0328BED}.Debug|Mixed Platforms.ActiveCfg = Debug|Any CPU
		{818F9096-DFF1-4894-9BB6-1DBDF0328BED}.Debug|Mixed Platforms.Build.0 = Debug|Any CPU
		{818F9096-DFF1-4894-9BB6-1DBDF0328BED}.Debug|x86.ActiveCfg = Debug|Any CPU
		{818F9096-DFF1-4894-9BB6-1DBDF0328BED}.Release|Any CPU.ActiveCfg = Release|Any CPU
		{818F9096-DFF1-4894-9BB6-1DBDF0328BED}.Release|Any CPU.Build.0 = Release|Any CPU
		{818F9096-DFF1-4894-9BB6-1DBDF0328BED}.Release|Mixed Platforms.ActiveCfg = Release|Any CPU
		{818F9096-DFF1-4894-9BB6-1DBDF0328BED}.Release|Mixed Platforms.Build.0 = Release|Any CPU
		{818F9096-DFF1-4894-9BB6-1DBDF0328BED}.Release|x86.ActiveCfg = Release|Any CPU
	EndGlobalSection
	GlobalSection(SolutionProperties) = preSolution
		HideSolutionNode = FALSE
	EndGlobalSection
EndGlobal
